
Microsoft Visual Studio Solution File, Format Version 12.00
# Visual Studio Version 17
VisualStudioVersion = 17.8.34525.116
MinimumVisualStudioVersion = 10.0.40219.1
Project("{9A19103F-16F7-4668-BE54-9A1E7A4F7556}") = "Business", "Business\Business.csproj", "{D3017B04-9975-415E-A1D2-A081D5D11410}"
EndProject
Project("{9A19103F-16F7-4668-BE54-9A1E7A4F7556}") = "DataAccess", "DataAccess\DataAccess.csproj", "{1CBA4A5B-50DE-481E-BF3E-9F3AE98CA2C2}"
EndProject
Project("{9A19103F-16F7-4668-BE54-9A1E7A4F7556}") = "Entities", "Entities\Entities.csproj", "{DC32A717-DDCF-4E8A-985F-54EC1453AC2F}"
EndProject
Project("{9A19103F-16F7-4668-BE54-9A1E7A4F7556}") = "CarConsoleUI", "CarConsoleUI\CarConsoleUI.csproj", "{0AF884FA-A817-4796-AEDB-5B892104D891}"
EndProject
Project("{FAE04EC0-301F-11D3-BF4B-00C04F79EFBC}") = "Core", "Core\Core.csproj", "{E2B6D82D-FAFE-4A70-86C4-9CB7B9CB2AE9}"
EndProject
Global
	GlobalSection(SolutionConfigurationPlatforms) = preSolution
		Debug|Any CPU = Debug|Any CPU
		Release|Any CPU = Release|Any CPU
	EndGlobalSection
	GlobalSection(ProjectConfigurationPlatforms) = postSolution
		{D3017B04-9975-415E-A1D2-A081D5D11410}.Debug|Any CPU.ActiveCfg = Debug|Any CPU
		{D3017B04-9975-415E-A1D2-A081D5D11410}.Debug|Any CPU.Build.0 = Debug|Any CPU
		{D3017B04-9975-415E-A1D2-A081D5D11410}.Release|Any CPU.ActiveCfg = Release|Any CPU
		{D3017B04-9975-415E-A1D2-A081D5D11410}.Release|Any CPU.Build.0 = Release|Any CPU
		{1CBA4A5B-50DE-481E-BF3E-9F3AE98CA2C2}.Debug|Any CPU.ActiveCfg = Debug|Any CPU
		{1CBA4A5B-50DE-481E-BF3E-9F3AE98CA2C2}.Debug|Any CPU.Build.0 = Debug|Any CPU
		{1CBA4A5B-50DE-481E-BF3E-9F3AE98CA2C2}.Release|Any CPU.ActiveCfg = Release|Any CPU
		{1CBA4A5B-50DE-481E-BF3E-9F3AE98CA2C2}.Release|Any CPU.Build.0 = Release|Any CPU
		{DC32A717-DDCF-4E8A-985F-54EC1453AC2F}.Debug|Any CPU.ActiveCfg = Debug|Any CPU
		{DC32A717-DDCF-4E8A-985F-54EC1453AC2F}.Debug|Any CPU.Build.0 = Debug|Any CPU
		{DC32A717-DDCF-4E8A-985F-54EC1453AC2F}.Release|Any CPU.ActiveCfg = Release|Any CPU
		{DC32A717-DDCF-4E8A-985F-54EC1453AC2F}.Release|Any CPU.Build.0 = Release|Any CPU
		{0AF884FA-A817-4796-AEDB-5B892104D891}.Debug|Any CPU.ActiveCfg = Debug|Any CPU
		{0AF884FA-A817-4796-AEDB-5B892104D891}.Debug|Any CPU.Build.0 = Debug|Any CPU
		{0AF884FA-A817-4796-AEDB-5B892104D891}.Release|Any CPU.ActiveCfg = Release|Any CPU
		{0AF884FA-A817-4796-AEDB-5B892104D891}.Release|Any CPU.Build.0 = Release|Any CPU
		{E2B6D82D-FAFE-4A70-86C4-9CB7B9CB2AE9}.Debug|Any CPU.ActiveCfg = Debug|Any CPU
		{E2B6D82D-FAFE-4A70-86C4-9CB7B9CB2AE9}.Debug|Any CPU.Build.0 = Debug|Any CPU
		{E2B6D82D-FAFE-4A70-86C4-9CB7B9CB2AE9}.Release|Any CPU.ActiveCfg = Release|Any CPU
		{E2B6D82D-FAFE-4A70-86C4-9CB7B9CB2AE9}.Release|Any CPU.Build.0 = Release|Any CPU
	EndGlobalSection
	GlobalSection(SolutionProperties) = preSolution
		HideSolutionNode = FALSE
	EndGlobalSection
	GlobalSection(ExtensibilityGlobals) = postSolution
		SolutionGuid = {1D648A02-0A38-479F-9F07-3BCD632C451A}
	EndGlobalSection
EndGlobal
